// !$*UTF8*$!
{
	archiveVersion = 1;
	classes = {
	};
	objectVersion = 50;
	objects = {

/* Begin PBXBuildFile section */
		FA1512AE2642F87C00C37A53 /* PageViewController.swift in Sources */ = {isa = PBXBuildFile; fileRef = FA1512AD2642F87C00C37A53 /* PageViewController.swift */; };
		FA1512B22646C27900C37A53 /* FeatureCard.swift in Sources */ = {isa = PBXBuildFile; fileRef = FA1512B12646C27900C37A53 /* FeatureCard.swift */; };
		FA1512B62646C33800C37A53 /* PageView.swift in Sources */ = {isa = PBXBuildFile; fileRef = FA1512B52646C33800C37A53 /* PageView.swift */; };
		FABBD3CF262B2A7F00EF967F /* LandmarksApp.swift in Sources */ = {isa = PBXBuildFile; fileRef = FABBD3CE262B2A7F00EF967F /* LandmarksApp.swift */; };
		FABBD3D1262B2A7F00EF967F /* ContentView.swift in Sources */ = {isa = PBXBuildFile; fileRef = FABBD3D0262B2A7F00EF967F /* ContentView.swift */; };
		FABBD3D3262B2A8100EF967F /* Assets.xcassets in Resources */ = {isa = PBXBuildFile; fileRef = FABBD3D2262B2A8100EF967F /* Assets.xcassets */; };
		FABBD3D6262B2A8100EF967F /* Preview Assets.xcassets in Resources */ = {isa = PBXBuildFile; fileRef = FABBD3D5262B2A8100EF967F /* Preview Assets.xcassets */; };
		FABBD3E3262B369100EF967F /* CircleImage.swift in Sources */ = {isa = PBXBuildFile; fileRef = FABBD3E2262B369100EF967F /* CircleImage.swift */; };
		FABBD3E6262B412E00EF967F /* MapView.swift in Sources */ = {isa = PBXBuildFile; fileRef = FABBD3E5262B412E00EF967F /* MapView.swift */; };
		FABBD3E9262C945500EF967F /* landmarkData.json in Resources */ = {isa = PBXBuildFile; fileRef = FABBD3E8262C945500EF967F /* landmarkData.json */; };
		FABBD3EC262C949100EF967F /* Landmark.swift in Sources */ = {isa = PBXBuildFile; fileRef = FABBD3EB262C949100EF967F /* Landmark.swift */; };
		FABBD3EF262C961C00EF967F /* ModelData.swift in Sources */ = {isa = PBXBuildFile; fileRef = FABBD3EE262C961C00EF967F /* ModelData.swift */; };
		FABBD3F6262C982D00EF967F /* LandmarkRow.swift in Sources */ = {isa = PBXBuildFile; fileRef = FABBD3F5262C982D00EF967F /* LandmarkRow.swift */; };
		FABBD3F9262C9AB600EF967F /* LandmarkList.swift in Sources */ = {isa = PBXBuildFile; fileRef = FABBD3F8262C9AB600EF967F /* LandmarkList.swift */; };
		FABBD3FC262C9CE900EF967F /* LandmarkDetail.swift in Sources */ = {isa = PBXBuildFile; fileRef = FABBD3FB262C9CE900EF967F /* LandmarkDetail.swift */; };
		FABBD3FF2630B04700EF967F /* FavoriteButton.swift in Sources */ = {isa = PBXBuildFile; fileRef = FABBD3FE2630B04700EF967F /* FavoriteButton.swift */; };
		FABBD4052632016000EF967F /* HexagonParameters.swift in Sources */ = {isa = PBXBuildFile; fileRef = FABBD4042632016000EF967F /* HexagonParameters.swift */; };
		FABBD408263201F500EF967F /* BadgeBackground.swift in Sources */ = {isa = PBXBuildFile; fileRef = FABBD407263201F500EF967F /* BadgeBackground.swift */; };
		FABBD40B2632041900EF967F /* BadgeSymbol.swift in Sources */ = {isa = PBXBuildFile; fileRef = FABBD40A2632041900EF967F /* BadgeSymbol.swift */; };
		FABBD40E263204AC00EF967F /* RotatedBadgeSymbol.swift in Sources */ = {isa = PBXBuildFile; fileRef = FABBD40D263204AC00EF967F /* RotatedBadgeSymbol.swift */; };
		FABBD411263204DF00EF967F /* Badge.swift in Sources */ = {isa = PBXBuildFile; fileRef = FABBD410263204DF00EF967F /* Badge.swift */; };
		FABBD4152632088600EF967F /* hikeData.json in Resources */ = {isa = PBXBuildFile; fileRef = FABBD4142632088600EF967F /* hikeData.json */; };
		FABBD418263208AD00EF967F /* Hike.swift in Sources */ = {isa = PBXBuildFile; fileRef = FABBD417263208AD00EF967F /* Hike.swift */; };
		FABBD41F2632099400EF967F /* GraphCapsule.swift in Sources */ = {isa = PBXBuildFile; fileRef = FABBD41B2632099400EF967F /* GraphCapsule.swift */; };
		FABBD4202632099400EF967F /* HikeGraph.swift in Sources */ = {isa = PBXBuildFile; fileRef = FABBD41C2632099400EF967F /* HikeGraph.swift */; };
		FABBD4212632099400EF967F /* HikeDetail.swift in Sources */ = {isa = PBXBuildFile; fileRef = FABBD41D2632099400EF967F /* HikeDetail.swift */; };
		FABBD4222632099400EF967F /* HikeView.swift in Sources */ = {isa = PBXBuildFile; fileRef = FABBD41E2632099400EF967F /* HikeView.swift */; };
		FABBD4262635EEA900EF967F /* CategoryHome.swift in Sources */ = {isa = PBXBuildFile; fileRef = FABBD4252635EEA900EF967F /* CategoryHome.swift */; };
		FABBD42A2635F0DA00EF967F /* CategoryRow.swift in Sources */ = {isa = PBXBuildFile; fileRef = FABBD4292635F0DA00EF967F /* CategoryRow.swift */; };
		FABBD4312635F2DF00EF967F /* CategoryItem.swift in Sources */ = {isa = PBXBuildFile; fileRef = FABBD4302635F2DF00EF967F /* CategoryItem.swift */; };
		FABBD4342637396700EF967F /* Profile.swift in Sources */ = {isa = PBXBuildFile; fileRef = FABBD4332637396700EF967F /* Profile.swift */; };
		FABBD43D26373F7500EF967F /* ProfileHost.swift in Sources */ = {isa = PBXBuildFile; fileRef = FABBD43C26373F7500EF967F /* ProfileHost.swift */; };
		FABBD44026373FD900EF967F /* ProfileSummary.swift in Sources */ = {isa = PBXBuildFile; fileRef = FABBD43F26373FD900EF967F /* ProfileSummary.swift */; };
		FABBD4432637407E00EF967F /* HikeBadg.swift in Sources */ = {isa = PBXBuildFile; fileRef = FABBD4422637407E00EF967F /* HikeBadg.swift */; };
		FABBD4462637465900EF967F /* ProfileEditor.swift in Sources */ = {isa = PBXBuildFile; fileRef = FABBD4452637465900EF967F /* ProfileEditor.swift */; };
/* End PBXBuildFile section */

/* Begin PBXFileReference section */
		FA1512AD2642F87C00C37A53 /* PageViewController.swift */ = {isa = PBXFileReference; lastKnownFileType = sourcecode.swift; path = PageViewController.swift; sourceTree = "<group>"; };
		FA1512B12646C27900C37A53 /* FeatureCard.swift */ = {isa = PBXFileReference; lastKnownFileType = sourcecode.swift; name = FeatureCard.swift; path = Landmarks/Views/FeatureCard.swift; sourceTree = SOURCE_ROOT; };
		FA1512B52646C33800C37A53 /* PageView.swift */ = {isa = PBXFileReference; lastKnownFileType = sourcecode.swift; name = PageView.swift; path = Landmarks/Views/PageView.swift; sourceTree = SOURCE_ROOT; };
		FABBD3CB262B2A7F00EF967F /* Landmarks.app */ = {isa = PBXFileReference; explicitFileType = wrapper.application; includeInIndex = 0; path = Landmarks.app; sourceTree = BUILT_PRODUCTS_DIR; };
		FABBD3CE262B2A7F00EF967F /* LandmarksApp.swift */ = {isa = PBXFileReference; lastKnownFileType = sourcecode.swift; path = LandmarksApp.swift; sourceTree = "<group>"; };
		FABBD3D0262B2A7F00EF967F /* ContentView.swift */ = {isa = PBXFileReference; lastKnownFileType = sourcecode.swift; path = ContentView.swift; sourceTree = "<group>"; };
		FABBD3D2262B2A8100EF967F /* Assets.xcassets */ = {isa = PBXFileReference; lastKnownFileType = folder.assetcatalog; path = Assets.xcassets; sourceTree = "<group>"; };
		FABBD3D5262B2A8100EF967F /* Preview Assets.xcassets */ = {isa = PBXFileReference; lastKnownFileType = folder.assetcatalog; path = "Preview Assets.xcassets"; sourceTree = "<group>"; };
		FABBD3D7262B2A8100EF967F /* Info.plist */ = {isa = PBXFileReference; lastKnownFileType = text.plist.xml; path = Info.plist; sourceTree = "<group>"; };
		FABBD3E2262B369100EF967F /* CircleImage.swift */ = {isa = PBXFileReference; lastKnownFileType = sourcecode.swift; path = CircleImage.swift; sourceTree = "<group>"; };
		FABBD3E5262B412E00EF967F /* MapView.swift */ = {isa = PBXFileReference; lastKnownFileType = sourcecode.swift; path = MapView.swift; sourceTree = "<group>"; };
		FABBD3E8262C945500EF967F /* landmarkData.json */ = {isa = PBXFileReference; fileEncoding = 4; lastKnownFileType = text.json; path = landmarkData.json; sourceTree = "<group>"; };
		FABBD3EB262C949100EF967F /* Landmark.swift */ = {isa = PBXFileReference; lastKnownFileType = sourcecode.swift; path = Landmark.swift; sourceTree = "<group>"; };
		FABBD3EE262C961C00EF967F /* ModelData.swift */ = {isa = PBXFileReference; lastKnownFileType = sourcecode.swift; path = ModelData.swift; sourceTree = "<group>"; };
		FABBD3F5262C982D00EF967F /* LandmarkRow.swift */ = {isa = PBXFileReference; lastKnownFileType = sourcecode.swift; path = LandmarkRow.swift; sourceTree = "<group>"; };
		FABBD3F8262C9AB600EF967F /* LandmarkList.swift */ = {isa = PBXFileReference; lastKnownFileType = sourcecode.swift; path = LandmarkList.swift; sourceTree = "<group>"; };
		FABBD3FB262C9CE900EF967F /* LandmarkDetail.swift */ = {isa = PBXFileReference; lastKnownFileType = sourcecode.swift; path = LandmarkDetail.swift; sourceTree = "<group>"; };
		FABBD3FE2630B04700EF967F /* FavoriteButton.swift */ = {isa = PBXFileReference; lastKnownFileType = sourcecode.swift; path = FavoriteButton.swift; sourceTree = "<group>"; };
		FABBD4042632016000EF967F /* HexagonParameters.swift */ = {isa = PBXFileReference; lastKnownFileType = sourcecode.swift; path = HexagonParameters.swift; sourceTree = "<group>"; };
		FABBD407263201F500EF967F /* BadgeBackground.swift */ = {isa = PBXFileReference; lastKnownFileType = sourcecode.swift; path = BadgeBackground.swift; sourceTree = "<group>"; };
		FABBD40A2632041900EF967F /* BadgeSymbol.swift */ = {isa = PBXFileReference; lastKnownFileType = sourcecode.swift; name = BadgeSymbol.swift; path = Landmarks/Views/Badges/BadgeSymbol.swift; sourceTree = SOURCE_ROOT; };
		FABBD40D263204AC00EF967F /* RotatedBadgeSymbol.swift */ = {isa = PBXFileReference; lastKnownFileType = sourcecode.swift; path = RotatedBadgeSymbol.swift; sourceTree = "<group>"; };
		FABBD410263204DF00EF967F /* Badge.swift */ = {isa = PBXFileReference; lastKnownFileType = sourcecode.swift; path = Badge.swift; sourceTree = "<group>"; };
		FABBD4142632088600EF967F /* hikeData.json */ = {isa = PBXFileReference; fileEncoding = 4; lastKnownFileType = text.json; path = hikeData.json; sourceTree = "<group>"; };
		FABBD417263208AD00EF967F /* Hike.swift */ = {isa = PBXFileReference; lastKnownFileType = sourcecode.swift; path = Hike.swift; sourceTree = "<group>"; };
		FABBD41B2632099400EF967F /* GraphCapsule.swift */ = {isa = PBXFileReference; fileEncoding = 4; lastKnownFileType = sourcecode.swift; path = GraphCapsule.swift; sourceTree = "<group>"; };
		FABBD41C2632099400EF967F /* HikeGraph.swift */ = {isa = PBXFileReference; fileEncoding = 4; lastKnownFileType = sourcecode.swift; path = HikeGraph.swift; sourceTree = "<group>"; };
		FABBD41D2632099400EF967F /* HikeDetail.swift */ = {isa = PBXFileReference; fileEncoding = 4; lastKnownFileType = sourcecode.swift; path = HikeDetail.swift; sourceTree = "<group>"; };
		FABBD41E2632099400EF967F /* HikeView.swift */ = {isa = PBXFileReference; fileEncoding = 4; lastKnownFileType = sourcecode.swift; path = HikeView.swift; sourceTree = "<group>"; };
		FABBD4252635EEA900EF967F /* CategoryHome.swift */ = {isa = PBXFileReference; lastKnownFileType = sourcecode.swift; path = CategoryHome.swift; sourceTree = "<group>"; };
		FABBD4292635F0DA00EF967F /* CategoryRow.swift */ = {isa = PBXFileReference; lastKnownFileType = sourcecode.swift; path = CategoryRow.swift; sourceTree = "<group>"; };
		FABBD4302635F2DF00EF967F /* CategoryItem.swift */ = {isa = PBXFileReference; lastKnownFileType = sourcecode.swift; path = CategoryItem.swift; sourceTree = "<group>"; };
		FABBD4332637396700EF967F /* Profile.swift */ = {isa = PBXFileReference; lastKnownFileType = sourcecode.swift; path = Profile.swift; sourceTree = "<group>"; };
		FABBD43C26373F7500EF967F /* ProfileHost.swift */ = {isa = PBXFileReference; lastKnownFileType = sourcecode.swift; path = ProfileHost.swift; sourceTree = "<group>"; };
		FABBD43F26373FD900EF967F /* ProfileSummary.swift */ = {isa = PBXFileReference; lastKnownFileType = sourcecode.swift; path = ProfileSummary.swift; sourceTree = "<group>"; };
		FABBD4422637407E00EF967F /* HikeBadg.swift */ = {isa = PBXFileReference; lastKnownFileType = sourcecode.swift; path = HikeBadg.swift; sourceTree = "<group>"; };
		FABBD4452637465900EF967F /* ProfileEditor.swift */ = {isa = PBXFileReference; lastKnownFileType = sourcecode.swift; path = ProfileEditor.swift; sourceTree = "<group>"; };
/* End PBXFileReference section */

/* Begin PBXFrameworksBuildPhase section */
		FABBD3C8262B2A7F00EF967F /* Frameworks */ = {
			isa = PBXFrameworksBuildPhase;
			buildActionMask = 2147483647;
			files = (
			);
			runOnlyForDeploymentPostprocessing = 0;
		};
/* End PBXFrameworksBuildPhase section */

/* Begin PBXGroup section */
		FA1512AC2642F85200C37A53 /* PageView */ = {
			isa = PBXGroup;
			children = (
				FA1512B52646C33800C37A53 /* PageView.swift */,
				FA1512AD2642F87C00C37A53 /* PageViewController.swift */,
			);
			path = PageView;
			sourceTree = "<group>";
		};
		FABBD3C2262B2A7F00EF967F = {
			isa = PBXGroup;
			children = (
				FABBD3CD262B2A7F00EF967F /* Landmarks */,
				FABBD3CC262B2A7F00EF967F /* Products */,
			);
			sourceTree = "<group>";
		};
		FABBD3CC262B2A7F00EF967F /* Products */ = {
			isa = PBXGroup;
			children = (
				FABBD3CB262B2A7F00EF967F /* Landmarks.app */,
			);
			name = Products;
			sourceTree = "<group>";
		};
		FABBD3CD262B2A7F00EF967F /* Landmarks */ = {
			isa = PBXGroup;
			children = (
				FABBD3CE262B2A7F00EF967F /* LandmarksApp.swift */,
				FABBD3F2262C977900EF967F /* Model */,
				FABBD3F1262C977200EF967F /* Views */,
				FABBD3D2262B2A8100EF967F /* Assets.xcassets */,
				FABBD3F3262C978500EF967F /* Resources */,
				FABBD3D7262B2A8100EF967F /* Info.plist */,
				FABBD3D4262B2A8100EF967F /* Preview Content */,
			);
			path = Landmarks;
			sourceTree = "<group>";
		};
		FABBD3D4262B2A8100EF967F /* Preview Content */ = {
			isa = PBXGroup;
			children = (
				FABBD3D5262B2A8100EF967F /* Preview Assets.xcassets */,
			);
			path = "Preview Content";
			sourceTree = "<group>";
		};
		FABBD3F1262C977200EF967F /* Views */ = {
			isa = PBXGroup;
			children = (
				FA1512B12646C27900C37A53 /* FeatureCard.swift */,
				FA1512AC2642F85200C37A53 /* PageView */,
				FABBD43626373F4100EF967F /* Profiles */,
				FABBD4242635EE9200EF967F /* Categories */,
				FABBD41A2632099400EF967F /* Hikes */,
				FABBD4132632056000EF967F /* Badges */,
				FABBD4022630B0F900EF967F /* Helpers */,
				FABBD4012630B0DC00EF967F /* Landmarks */,
				FABBD3D0262B2A7F00EF967F /* ContentView.swift */,
			);
			path = Views;
			sourceTree = "<group>";
		};
		FABBD3F2262C977900EF967F /* Model */ = {
			isa = PBXGroup;
			children = (
				FABBD4332637396700EF967F /* Profile.swift */,
				FABBD3EB262C949100EF967F /* Landmark.swift */,
				FABBD3EE262C961C00EF967F /* ModelData.swift */,
				FABBD417263208AD00EF967F /* Hike.swift */,
			);
			path = Model;
			sourceTree = "<group>";
		};
		FABBD3F3262C978500EF967F /* Resources */ = {
			isa = PBXGroup;
			children = (
				FABBD4142632088600EF967F /* hikeData.json */,
				FABBD3E8262C945500EF967F /* landmarkData.json */,
			);
			path = Resources;
			sourceTree = "<group>";
		};
		FABBD4012630B0DC00EF967F /* Landmarks */ = {
			isa = PBXGroup;
			children = (
				FABBD3F8262C9AB600EF967F /* LandmarkList.swift */,
				FABBD3FB262C9CE900EF967F /* LandmarkDetail.swift */,
				FABBD3F5262C982D00EF967F /* LandmarkRow.swift */,
			);
			path = Landmarks;
			sourceTree = "<group>";
		};
		FABBD4022630B0F900EF967F /* Helpers */ = {
			isa = PBXGroup;
			children = (
				FABBD3E5262B412E00EF967F /* MapView.swift */,
				FABBD3E2262B369100EF967F /* CircleImage.swift */,
				FABBD3FE2630B04700EF967F /* FavoriteButton.swift */,
			);
			path = Helpers;
			sourceTree = "<group>";
		};
		FABBD4132632056000EF967F /* Badges */ = {
			isa = PBXGroup;
			children = (
				FABBD407263201F500EF967F /* BadgeBackground.swift */,
				FABBD4042632016000EF967F /* HexagonParameters.swift */,
				FABBD40D263204AC00EF967F /* RotatedBadgeSymbol.swift */,
				FABBD40A2632041900EF967F /* BadgeSymbol.swift */,
				FABBD410263204DF00EF967F /* Badge.swift */,
			);
			path = Badges;
			sourceTree = "<group>";
		};
		FABBD41A2632099400EF967F /* Hikes */ = {
			isa = PBXGroup;
			children = (
				FABBD41B2632099400EF967F /* GraphCapsule.swift */,
				FABBD41C2632099400EF967F /* HikeGraph.swift */,
				FABBD41D2632099400EF967F /* HikeDetail.swift */,
				FABBD41E2632099400EF967F /* HikeView.swift */,
				FABBD4422637407E00EF967F /* HikeBadg.swift */,
			);
			path = Hikes;
			sourceTree = "<group>";
		};
		FABBD4242635EE9200EF967F /* Categories */ = {
			isa = PBXGroup;
			children = (
				FABBD4252635EEA900EF967F /* CategoryHome.swift */,
				FABBD4292635F0DA00EF967F /* CategoryRow.swift */,
				FABBD4302635F2DF00EF967F /* CategoryItem.swift */,
			);
			path = Categories;
			sourceTree = "<group>";
		};
		FABBD43626373F4100EF967F /* Profiles */ = {
			isa = PBXGroup;
			children = (
				FABBD43C26373F7500EF967F /* ProfileHost.swift */,
				FABBD43F26373FD900EF967F /* ProfileSummary.swift */,
				FABBD4452637465900EF967F /* ProfileEditor.swift */,
			);
			path = Profiles;
			sourceTree = "<group>";
		};
/* End PBXGroup section */

/* Begin PBXNativeTarget section */
		FABBD3CA262B2A7F00EF967F /* Landmarks */ = {
			isa = PBXNativeTarget;
			buildConfigurationList = FABBD3DA262B2A8100EF967F /* Build configuration list for PBXNativeTarget "Landmarks" */;
			buildPhases = (
				FABBD3C7262B2A7F00EF967F /* Sources */,
				FABBD3C8262B2A7F00EF967F /* Frameworks */,
				FABBD3C9262B2A7F00EF967F /* Resources */,
			);
			buildRules = (
			);
			dependencies = (
			);
			name = Landmarks;
			productName = Landmarks;
			productReference = FABBD3CB262B2A7F00EF967F /* Landmarks.app */;
			productType = "com.apple.product-type.application";
		};
/* End PBXNativeTarget section */

/* Begin PBXProject section */
		FABBD3C3262B2A7F00EF967F /* Project object */ = {
			isa = PBXProject;
			attributes = {
				LastSwiftUpdateCheck = 1240;
				LastUpgradeCheck = 1240;
				TargetAttributes = {
					FABBD3CA262B2A7F00EF967F = {
						CreatedOnToolsVersion = 12.4;
					};
				};
			};
			buildConfigurationList = FABBD3C6262B2A7F00EF967F /* Build configuration list for PBXProject "Landmarks" */;
			compatibilityVersion = "Xcode 9.3";
			developmentRegion = en;
			hasScannedForEncodings = 0;
			knownRegions = (
				en,
				Base,
			);
			mainGroup = FABBD3C2262B2A7F00EF967F;
			productRefGroup = FABBD3CC262B2A7F00EF967F /* Products */;
			projectDirPath = "";
			projectRoot = "";
			targets = (
				FABBD3CA262B2A7F00EF967F /* Landmarks */,
			);
		};
/* End PBXProject section */

/* Begin PBXResourcesBuildPhase section */
		FABBD3C9262B2A7F00EF967F /* Resources */ = {
			isa = PBXResourcesBuildPhase;
			buildActionMask = 2147483647;
			files = (
				FABBD4152632088600EF967F /* hikeData.json in Resources */,
				FABBD3D6262B2A8100EF967F /* Preview Assets.xcassets in Resources */,
				FABBD3D3262B2A8100EF967F /* Assets.xcassets in Resources */,
				FABBD3E9262C945500EF967F /* landmarkData.json in Resources */,
			);
			runOnlyForDeploymentPostprocessing = 0;
		};
/* End PBXResourcesBuildPhase section */

/* Begin PBXSourcesBuildPhase section */
		FABBD3C7262B2A7F00EF967F /* Sources */ = {
			isa = PBXSourcesBuildPhase;
			buildActionMask = 2147483647;
			files = (
				FABBD42A2635F0DA00EF967F /* CategoryRow.swift in Sources */,
				FABBD4342637396700EF967F /* Profile.swift in Sources */,
				FABBD3D1262B2A7F00EF967F /* ContentView.swift in Sources */,
				FABBD4262635EEA900EF967F /* CategoryHome.swift in Sources */,
				FA1512B22646C27900C37A53 /* FeatureCard.swift in Sources */,
				FABBD4202632099400EF967F /* HikeGraph.swift in Sources */,
				FABBD4432637407E00EF967F /* HikeBadg.swift in Sources */,
				FABBD411263204DF00EF967F /* Badge.swift in Sources */,
				FABBD3E6262B412E00EF967F /* MapView.swift in Sources */,
				FABBD41F2632099400EF967F /* GraphCapsule.swift in Sources */,
				FABBD3CF262B2A7F00EF967F /* LandmarksApp.swift in Sources */,
				FABBD3FF2630B04700EF967F /* FavoriteButton.swift in Sources */,
				FABBD4312635F2DF00EF967F /* CategoryItem.swift in Sources */,
				FABBD4212632099400EF967F /* HikeDetail.swift in Sources */,
				FABBD44026373FD900EF967F /* ProfileSummary.swift in Sources */,
				FABBD4052632016000EF967F /* HexagonParameters.swift in Sources */,
				FABBD43D26373F7500EF967F /* ProfileHost.swift in Sources */,
				FABBD418263208AD00EF967F /* Hike.swift in Sources */,
				FA1512B62646C33800C37A53 /* PageView.swift in Sources */,
				FABBD40E263204AC00EF967F /* RotatedBadgeSymbol.swift in Sources */,
				FABBD4462637465900EF967F /* ProfileEditor.swift in Sources */,
				FABBD40B2632041900EF967F /* BadgeSymbol.swift in Sources */,
				FABBD3F9262C9AB600EF967F /* LandmarkList.swift in Sources */,
				FABBD4222632099400EF967F /* HikeView.swift in Sources */,
				FA1512AE2642F87C00C37A53 /* PageViewController.swift in Sources */,
				FABBD3FC262C9CE900EF967F /* LandmarkDetail.swift in Sources */,
				FABBD408263201F500EF967F /* BadgeBackground.swift in Sources */,
				FABBD3E3262B369100EF967F /* CircleImage.swift in Sources */,
				FABBD3EC262C949100EF967F /* Landmark.swift in Sources */,
				FABBD3F6262C982D00EF967F /* LandmarkRow.swift in Sources */,
				FABBD3EF262C961C00EF967F /* ModelData.swift in Sources */,
			);
			runOnlyForDeploymentPostprocessing = 0;
		};
/* End PBXSourcesBuildPhase section */

/* Begin XCBuildConfiguration section */
		FABBD3D8262B2A8100EF967F /* Debug */ = {
			isa = XCBuildConfiguration;
			buildSettings = {
				ALWAYS_SEARCH_USER_PATHS = NO;
				CLANG_ANALYZER_NONNULL = YES;
				CLANG_ANALYZER_NUMBER_OBJECT_CONVERSION = YES_AGGRESSIVE;
				CLANG_CXX_LANGUAGE_STANDARD = "gnu++14";
				CLANG_CXX_LIBRARY = "libc++";
				CLANG_ENABLE_MODULES = YES;
				CLANG_ENABLE_OBJC_ARC = YES;
				CLANG_ENABLE_OBJC_WEAK = YES;
				CLANG_WARN_BLOCK_CAPTURE_AUTORELEASING = YES;
				CLANG_WARN_BOOL_CONVERSION = YES;
				CLANG_WARN_COMMA = YES;
				CLANG_WARN_CONSTANT_CONVERSION = YES;
				CLANG_WARN_DEPRECATED_OBJC_IMPLEMENTATIONS = YES;
				CLANG_WARN_DIRECT_OBJC_ISA_USAGE = YES_ERROR;
				CLANG_WARN_DOCUMENTATION_COMMENTS = YES;
				CLANG_WARN_EMPTY_BODY = YES;
				CLANG_WARN_ENUM_CONVERSION = YES;
				CLANG_WARN_INFINITE_RECURSION = YES;
				CLANG_WARN_INT_CONVERSION = YES;
				CLANG_WARN_NON_LITERAL_NULL_CONVERSION = YES;
				CLANG_WARN_OBJC_IMPLICIT_RETAIN_SELF = YES;
				CLANG_WARN_OBJC_LITERAL_CONVERSION = YES;
				CLANG_WARN_OBJC_ROOT_CLASS = YES_ERROR;
				CLANG_WARN_QUOTED_INCLUDE_IN_FRAMEWORK_HEADER = YES;
				CLANG_WARN_RANGE_LOOP_ANALYSIS = YES;
				CLANG_WARN_STRICT_PROTOTYPES = YES;
				CLANG_WARN_SUSPICIOUS_MOVE = YES;
				CLANG_WARN_UNGUARDED_AVAILABILITY = YES_AGGRESSIVE;
				CLANG_WARN_UNREACHABLE_CODE = YES;
				CLANG_WARN__DUPLICATE_METHOD_MATCH = YES;
				COPY_PHASE_STRIP = NO;
				DEBUG_INFORMATION_FORMAT = dwarf;
				ENABLE_STRICT_OBJC_MSGSEND = YES;
				ENABLE_TESTABILITY = YES;
				GCC_C_LANGUAGE_STANDARD = gnu11;
				GCC_DYNAMIC_NO_PIC = NO;
				GCC_NO_COMMON_BLOCKS = YES;
				GCC_OPTIMIZATION_LEVEL = 0;
				GCC_PREPROCESSOR_DEFINITIONS = (
					"DEBUG=1",
					"$(inherited)",
				);
				GCC_WARN_64_TO_32_BIT_CONVERSION = YES;
				GCC_WARN_ABOUT_RETURN_TYPE = YES_ERROR;
				GCC_WARN_UNDECLARED_SELECTOR = YES;
				GCC_WARN_UNINITIALIZED_AUTOS = YES_AGGRESSIVE;
				GCC_WARN_UNUSED_FUNCTION = YES;
				GCC_WARN_UNUSED_VARIABLE = YES;
				IPHONEOS_DEPLOYMENT_TARGET = 14.4;
				MTL_ENABLE_DEBUG_INFO = INCLUDE_SOURCE;
				MTL_FAST_MATH = YES;
				ONLY_ACTIVE_ARCH = YES;
				SDKROOT = iphoneos;
				SWIFT_ACTIVE_COMPILATION_CONDITIONS = DEBUG;
				SWIFT_OPTIMIZATION_LEVEL = "-Onone";
			};
			name = Debug;
		};
		FABBD3D9262B2A8100EF967F /* Release */ = {
			isa = XCBuildConfiguration;
			buildSettings = {
				ALWAYS_SEARCH_USER_PATHS = NO;
				CLANG_ANALYZER_NONNULL = YES;
				CLANG_ANALYZER_NUMBER_OBJECT_CONVERSION = YES_AGGRESSIVE;
				CLANG_CXX_LANGUAGE_STANDARD = "gnu++14";
				CLANG_CXX_LIBRARY = "libc++";
				CLANG_ENABLE_MODULES = YES;
				CLANG_ENABLE_OBJC_ARC = YES;
				CLANG_ENABLE_OBJC_WEAK = YES;
				CLANG_WARN_BLOCK_CAPTURE_AUTORELEASING = YES;
				CLANG_WARN_BOOL_CONVERSION = YES;
				CLANG_WARN_COMMA = YES;
				CLANG_WARN_CONSTANT_CONVERSION = YES;
				CLANG_WARN_DEPRECATED_OBJC_IMPLEMENTATIONS = YES;
				CLANG_WARN_DIRECT_OBJC_ISA_USAGE = YES_ERROR;
				CLANG_WARN_DOCUMENTATION_COMMENTS = YES;
				CLANG_WARN_EMPTY_BODY = YES;
				CLANG_WARN_ENUM_CONVERSION = YES;
				CLANG_WARN_INFINITE_RECURSION = YES;
				CLANG_WARN_INT_CONVERSION = YES;
				CLANG_WARN_NON_LITERAL_NULL_CONVERSION = YES;
				CLANG_WARN_OBJC_IMPLICIT_RETAIN_SELF = YES;
				CLANG_WARN_OBJC_LITERAL_CONVERSION = YES;
				CLANG_WARN_OBJC_ROOT_CLASS = YES_ERROR;
				CLANG_WARN_QUOTED_INCLUDE_IN_FRAMEWORK_HEADER = YES;
				CLANG_WARN_RANGE_LOOP_ANALYSIS = YES;
				CLANG_WARN_STRICT_PROTOTYPES = YES;
				CLANG_WARN_SUSPICIOUS_MOVE = YES;
				CLANG_WARN_UNGUARDED_AVAILABILITY = YES_AGGRESSIVE;
				CLANG_WARN_UNREACHABLE_CODE = YES;
				CLANG_WARN__DUPLICATE_METHOD_MATCH = YES;
				COPY_PHASE_STRIP = NO;
				DEBUG_INFORMATION_FORMAT = "dwarf-with-dsym";
				ENABLE_NS_ASSERTIONS = NO;
				ENABLE_STRICT_OBJC_MSGSEND = YES;
				GCC_C_LANGUAGE_STANDARD = gnu11;
				GCC_NO_COMMON_BLOCKS = YES;
				GCC_WARN_64_TO_32_BIT_CONVERSION = YES;
				GCC_WARN_ABOUT_RETURN_TYPE = YES_ERROR;
				GCC_WARN_UNDECLARED_SELECTOR = YES;
				GCC_WARN_UNINITIALIZED_AUTOS = YES_AGGRESSIVE;
				GCC_WARN_UNUSED_FUNCTION = YES;
				GCC_WARN_UNUSED_VARIABLE = YES;
				IPHONEOS_DEPLOYMENT_TARGET = 14.4;
				MTL_ENABLE_DEBUG_INFO = NO;
				MTL_FAST_MATH = YES;
				SDKROOT = iphoneos;
				SWIFT_COMPILATION_MODE = wholemodule;
				SWIFT_OPTIMIZATION_LEVEL = "-O";
				VALIDATE_PRODUCT = YES;
			};
			name = Release;
		};
		FABBD3DB262B2A8100EF967F /* Debug */ = {
			isa = XCBuildConfiguration;
			buildSettings = {
				ASSETCATALOG_COMPILER_APPICON_NAME = AppIcon;
				ASSETCATALOG_COMPILER_GLOBAL_ACCENT_COLOR_NAME = AccentColor;
				CODE_SIGN_STYLE = Automatic;
				DEVELOPMENT_ASSET_PATHS = "\"Landmarks/Preview Content\"";
				ENABLE_PREVIEWS = YES;
				INFOPLIST_FILE = Landmarks/Info.plist;
				IPHONEOS_DEPLOYMENT_TARGET = 14.0;
				LD_RUNPATH_SEARCH_PATHS = (
					"$(inherited)",
					"@executable_path/Frameworks",
				);
				PRODUCT_BUNDLE_IDENTIFIER = pet.dev.Landmarks;
				PRODUCT_NAME = "$(TARGET_NAME)";
				SWIFT_VERSION = 5.0;
				TARGETED_DEVICE_FAMILY = "1,2";
			};
			name = Debug;
		};
		FABBD3DC262B2A8100EF967F /* Release */ = {
			isa = XCBuildConfiguration;
			buildSettings = {
				ASSETCATALOG_COMPILER_APPICON_NAME = AppIcon;
				ASSETCATALOG_COMPILER_GLOBAL_ACCENT_COLOR_NAME = AccentColor;
				CODE_SIGN_STYLE = Automatic;
				DEVELOPMENT_ASSET_PATHS = "\"Landmarks/Preview Content\"";
				ENABLE_PREVIEWS = YES;
				INFOPLIST_FILE = Landmarks/Info.plist;
				IPHONEOS_DEPLOYMENT_TARGET = 14.0;
				LD_RUNPATH_SEARCH_PATHS = (
					"$(inherited)",
					"@executable_path/Frameworks",
				);
				PRODUCT_BUNDLE_IDENTIFIER = pet.dev.Landmarks;
				PRODUCT_NAME = "$(TARGET_NAME)";
				SWIFT_VERSION = 5.0;
				TARGETED_DEVICE_FAMILY = "1,2";
			};
			name = Release;
		};
/* End XCBuildConfiguration section */

/* Begin XCConfigurationList section */
		FABBD3C6262B2A7F00EF967F /* Build configuration list for PBXProject "Landmarks" */ = {
			isa = XCConfigurationList;
			buildConfigurations = (
				FABBD3D8262B2A8100EF967F /* Debug */,
				FABBD3D9262B2A8100EF967F /* Release */,
			);
			defaultConfigurationIsVisible = 0;
			defaultConfigurationName = Release;
		};
		FABBD3DA262B2A8100EF967F /* Build configuration list for PBXNativeTarget "Landmarks" */ = {
			isa = XCConfigurationList;
			buildConfigurations = (
				FABBD3DB262B2A8100EF967F /* Debug */,
				FABBD3DC262B2A8100EF967F /* Release */,
			);
			defaultConfigurationIsVisible = 0;
			defaultConfigurationName = Release;
		};
/* End XCConfigurationList section */
	};
	rootObject = FABBD3C3262B2A7F00EF967F /* Project object */;
}
